
Microsoft Visual Studio Solution File, Format Version 12.00
# Visual Studio 15
VisualStudioVersion = 15.0.28307.102
MinimumVisualStudioVersion = 10.0.40219.1
Project("{FAE04EC0-301F-11D3-BF4B-00C04F79EFBC}") = "StudioCraft.Web", "StudioCraft.Web\StudioCraft.Web.csproj", "{9CB83B03-927C-43D2-8307-FA0D7A89EFAE}"
EndProject
Global
	GlobalSection(SolutionConfigurationPlatforms) = preSolution
		Debug|Any CPU = Debug|Any CPU
		Release|Any CPU = Release|Any CPU
	EndGlobalSection
	GlobalSection(ProjectConfigurationPlatforms) = postSolution
		{9CB83B03-927C-43D2-8307-FA0D7A89EFAE}.Debug|Any CPU.ActiveCfg = Debug|Any CPU
		{9CB83B03-927C-43D2-8307-FA0D7A89EFAE}.Debug|Any CPU.Build.0 = Debug|Any CPU
		{9CB83B03-927C-43D2-8307-FA0D7A89EFAE}.Release|Any CPU.ActiveCfg = Release|Any CPU
		{9CB83B03-927C-43D2-8307-FA0D7A89EFAE}.Release|Any CPU.Build.0 = Release|Any CPU
	EndGlobalSection
	GlobalSection(SolutionProperties) = preSolution
		HideSolutionNode = FALSE
	EndGlobalSection
	GlobalSection(ExtensibilityGlobals) = postSolution
		SolutionGuid = {E0AC00B0-F293-45C3-8393-89BCDC4FF7F9}
	EndGlobalSection
EndGlobal
